
Microsoft Visual Studio Solution File, Format Version 12.00
# Visual Studio 14
VisualStudioVersion = 14.0.23107.0
MinimumVisualStudioVersion = 10.0.40219.1
Project("{FAE04EC0-301F-11D3-BF4B-00C04F79EFBC}") = "Data", "Data\Data.csproj", "{0A256B9E-863C-4263-B362-4E23A1BBB478}"
EndProject
Project("{FAE04EC0-301F-11D3-BF4B-00C04F79EFBC}") = "Core", "Core\Core.csproj", "{A2676D0C-80AD-45C7-905A-5685A3429A8F}"
EndProject
Project("{FAE04EC0-301F-11D3-BF4B-00C04F79EFBC}") = "Web", "Web\Web.csproj", "{A5D03FA5-C980-49CE-96ED-0B547ED4AEE9}"
EndProject
Project("{2150E333-8FDC-42A3-9474-1A3956D46DE8}") = "Project ReadMe", "Project ReadMe", "{6CA7990D-496C-46D5-A69C-6FB21AEA876C}"
	ProjectSection(SolutionItems) = preProject
		Problem.txt = Problem.txt
		ReadMe.txt = ReadMe.txt
	EndProjectSection
EndProject
Global
	GlobalSection(SolutionConfigurationPlatforms) = preSolution
		Debug|Any CPU = Debug|Any CPU
		Release|Any CPU = Release|Any CPU
	EndGlobalSection
	GlobalSection(ProjectConfigurationPlatforms) = postSolution
		{0A256B9E-863C-4263-B362-4E23A1BBB478}.Debug|Any CPU.ActiveCfg = Debug|Any CPU
		{0A256B9E-863C-4263-B362-4E23A1BBB478}.Debug|Any CPU.Build.0 = Debug|Any CPU
		{0A256B9E-863C-4263-B362-4E23A1BBB478}.Release|Any CPU.ActiveCfg = Release|Any CPU
		{0A256B9E-863C-4263-B362-4E23A1BBB478}.Release|Any CPU.Build.0 = Release|Any CPU
		{A2676D0C-80AD-45C7-905A-5685A3429A8F}.Debug|Any CPU.ActiveCfg = Debug|Any CPU
		{A2676D0C-80AD-45C7-905A-5685A3429A8F}.Debug|Any CPU.Build.0 = Debug|Any CPU
		{A2676D0C-80AD-45C7-905A-5685A3429A8F}.Release|Any CPU.ActiveCfg = Release|Any CPU
		{A2676D0C-80AD-45C7-905A-5685A3429A8F}.Release|Any CPU.Build.0 = Release|Any CPU
		{A5D03FA5-C980-49CE-96ED-0B547ED4AEE9}.Debug|Any CPU.ActiveCfg = Debug|Any CPU
		{A5D03FA5-C980-49CE-96ED-0B547ED4AEE9}.Debug|Any CPU.Build.0 = Debug|Any CPU
		{A5D03FA5-C980-49CE-96ED-0B547ED4AEE9}.Release|Any CPU.ActiveCfg = Release|Any CPU
		{A5D03FA5-C980-49CE-96ED-0B547ED4AEE9}.Release|Any CPU.Build.0 = Release|Any CPU
	EndGlobalSection
	GlobalSection(SolutionProperties) = preSolution
		HideSolutionNode = FALSE
	EndGlobalSection
	GlobalSection(TeamFoundationVersionControl) = preSolution
		SccNumberOfProjects = 4
		SccEnterpriseProvider = {4CA58AB2-18FA-4F8D-95D4-32DDF27D184C}
		SccTeamFoundationServer = https://ynsemrakblt.visualstudio.com/defaultcollection
		SccLocalPath0 = .
		SccProjectUniqueName1 = Data\\Data.csproj
		SccProjectName1 = Data
		SccLocalPath1 = Data
		SccProjectUniqueName2 = Core\\Core.csproj
		SccProjectName2 = Core
		SccLocalPath2 = Core
		SccProjectUniqueName3 = Web\\Web.csproj
		SccProjectName3 = Web
		SccLocalPath3 = Web
	EndGlobalSection
EndGlobal
